
Microsoft Visual Studio Solution File, Format Version 12.00
# Visual Studio Version 16
VisualStudioVersion = 16.0.30330.147
MinimumVisualStudioVersion = 10.0.40219.1
Project("{FAE04EC0-301F-11D3-BF4B-00C04F79EFBC}") = "X-Commerce", "X-Commerce\X-Commerce.csproj", "{6EDF63A7-2B0C-42E0-BA0F-39A7E944CAA8}"
EndProject
Global
	GlobalSection(SolutionConfigurationPlatforms) = preSolution
		Debug|Any CPU = Debug|Any CPU
		Release|Any CPU = Release|Any CPU
	EndGlobalSection
	GlobalSection(ProjectConfigurationPlatforms) = postSolution
		{6EDF63A7-2B0C-42E0-BA0F-39A7E944CAA8}.Debug|Any CPU.ActiveCfg = Debug|Any CPU
		{6EDF63A7-2B0C-42E0-BA0F-39A7E944CAA8}.Debug|Any CPU.Build.0 = Debug|Any CPU
		{6EDF63A7-2B0C-42E0-BA0F-39A7E944CAA8}.Release|Any CPU.ActiveCfg = Release|Any CPU
		{6EDF63A7-2B0C-42E0-BA0F-39A7E944CAA8}.Release|Any CPU.Build.0 = Release|Any CPU
	EndGlobalSection
	GlobalSection(SolutionProperties) = preSolution
		HideSolutionNode = FALSE
	EndGlobalSection
	GlobalSection(ExtensibilityGlobals) = postSolution
		SolutionGuid = {5B453117-2F5C-4D59-BB90-B8B6C3F71141}
	EndGlobalSection
EndGlobal
